
Microsoft Visual Studio Solution File, Format Version 12.00
# Visual Studio Version 17
VisualStudioVersion = 17.8.34330.188
MinimumVisualStudioVersion = 10.0.40219.1
Project("{9A19103F-16F7-4668-BE54-9A1E7A4F7556}") = "VShop.ProductApi", "VShop.ProductApi\VShop.ProductApi.csproj", "{472C9EDD-A5A8-4715-98DD-AE2A25DEDEAA}"
EndProject
Global
	GlobalSection(SolutionConfigurationPlatforms) = preSolution
		Debug|Any CPU = Debug|Any CPU
		Release|Any CPU = Release|Any CPU
	EndGlobalSection
	GlobalSection(ProjectConfigurationPlatforms) = postSolution
		{472C9EDD-A5A8-4715-98DD-AE2A25DEDEAA}.Debug|Any CPU.ActiveCfg = Debug|Any CPU
		{472C9EDD-A5A8-4715-98DD-AE2A25DEDEAA}.Debug|Any CPU.Build.0 = Debug|Any CPU
		{472C9EDD-A5A8-4715-98DD-AE2A25DEDEAA}.Release|Any CPU.ActiveCfg = Release|Any CPU
		{472C9EDD-A5A8-4715-98DD-AE2A25DEDEAA}.Release|Any CPU.Build.0 = Release|Any CPU
	EndGlobalSection
	GlobalSection(SolutionProperties) = preSolution
		HideSolutionNode = FALSE
	EndGlobalSection
	GlobalSection(ExtensibilityGlobals) = postSolution
		SolutionGuid = {943C7FCF-D3FB-4C7D-BD6D-874086800F76}
	EndGlobalSection
EndGlobal
